
Microsoft Visual Studio Solution File, Format Version 12.00
# Visual Studio Version 17
VisualStudioVersion = 17.8.34511.84
MinimumVisualStudioVersion = 10.0.40219.1
Project("{FAE04EC0-301F-11D3-BF4B-00C04F79EFBC}") = "Elevator-Automation", "Elevator-Automation\Elevator-Automation.csproj", "{8464C5B4-CE9A-4D77-B5B7-B22A9CDD8D22}"
EndProject
Project("{FAE04EC0-301F-11D3-BF4B-00C04F79EFBC}") = "Elevation-Automation-Test", "Elevation-Automation-Test\Elevation-Automation-Test.csproj", "{9B27C121-F024-412E-AACF-56D784137A29}"
EndProject
Global
	GlobalSection(SolutionConfigurationPlatforms) = preSolution
		Debug|Any CPU = Debug|Any CPU
		Release|Any CPU = Release|Any CPU
	EndGlobalSection
	GlobalSection(ProjectConfigurationPlatforms) = postSolution
		{8464C5B4-CE9A-4D77-B5B7-B22A9CDD8D22}.Debug|Any CPU.ActiveCfg = Debug|Any CPU
		{8464C5B4-CE9A-4D77-B5B7-B22A9CDD8D22}.Debug|Any CPU.Build.0 = Debug|Any CPU
		{8464C5B4-CE9A-4D77-B5B7-B22A9CDD8D22}.Release|Any CPU.ActiveCfg = Release|Any CPU
		{8464C5B4-CE9A-4D77-B5B7-B22A9CDD8D22}.Release|Any CPU.Build.0 = Release|Any CPU
		{9B27C121-F024-412E-AACF-56D784137A29}.Debug|Any CPU.ActiveCfg = Debug|Any CPU
		{9B27C121-F024-412E-AACF-56D784137A29}.Debug|Any CPU.Build.0 = Debug|Any CPU
		{9B27C121-F024-412E-AACF-56D784137A29}.Release|Any CPU.ActiveCfg = Release|Any CPU
		{9B27C121-F024-412E-AACF-56D784137A29}.Release|Any CPU.Build.0 = Release|Any CPU
	EndGlobalSection
	GlobalSection(SolutionProperties) = preSolution
		HideSolutionNode = FALSE
	EndGlobalSection
	GlobalSection(ExtensibilityGlobals) = postSolution
		SolutionGuid = {75203131-2169-40FF-97AF-7859DA0AA7C0}
	EndGlobalSection
EndGlobal
